
Microsoft Visual Studio Solution File, Format Version 12.00
# Visual Studio 14
VisualStudioVersion = 14.0.25420.1
MinimumVisualStudioVersion = 10.0.40219.1
Project("{FAE04EC0-301F-11D3-BF4B-00C04F79EFBC}") = "FhirPathTester", "FhirPathTester.csproj", "{EB2E4288-28D4-407F-B019-CAAA763FA810}"
EndProject
Global
	GlobalSection(SolutionConfigurationPlatforms) = preSolution
		Debug|Any CPU = Debug|Any CPU
		Release|Any CPU = Release|Any CPU
	EndGlobalSection
	GlobalSection(ProjectConfigurationPlatforms) = postSolution
		{EB2E4288-28D4-407F-B019-CAAA763FA810}.Debug|Any CPU.ActiveCfg = Debug|Any CPU
		{EB2E4288-28D4-407F-B019-CAAA763FA810}.Debug|Any CPU.Build.0 = Debug|Any CPU
		{EB2E4288-28D4-407F-B019-CAAA763FA810}.Release|Any CPU.ActiveCfg = Release|Any CPU
		{EB2E4288-28D4-407F-B019-CAAA763FA810}.Release|Any CPU.Build.0 = Release|Any CPU
	EndGlobalSection
	GlobalSection(SolutionProperties) = preSolution
		HideSolutionNode = FALSE
	EndGlobalSection
EndGlobal
