
Microsoft Visual Studio Solution File, Format Version 12.00
# Visual Studio 15
VisualStudioVersion = 15.0.26127.3
MinimumVisualStudioVersion = 10.0.40219.1
Project("{FAE04EC0-301F-11D3-BF4B-00C04F79EFBC}") = "FhirPathTester", "WPF\FhirPathTester.csproj", "{EB2E4288-28D4-407F-B019-CAAA763FA810}"
EndProject
Project("{FAE04EC0-301F-11D3-BF4B-00C04F79EFBC}") = "FhirPathTesterUWP", "UWP\FhirPathTesterUWP.csproj", "{36DBDF82-1301-4C06-8BE1-1E4EE5DFAE70}"
EndProject
Global
	GlobalSection(SolutionConfigurationPlatforms) = preSolution
		Debug|Any CPU = Debug|Any CPU
		Debug|ARM = Debug|ARM
		Debug|x64 = Debug|x64
		Debug|x86 = Debug|x86
		Release|Any CPU = Release|Any CPU
		Release|ARM = Release|ARM
		Release|x64 = Release|x64
		Release|x86 = Release|x86
	EndGlobalSection
	GlobalSection(ProjectConfigurationPlatforms) = postSolution
		{EB2E4288-28D4-407F-B019-CAAA763FA810}.Debug|Any CPU.ActiveCfg = Debug|Any CPU
		{EB2E4288-28D4-407F-B019-CAAA763FA810}.Debug|Any CPU.Build.0 = Debug|Any CPU
		{EB2E4288-28D4-407F-B019-CAAA763FA810}.Debug|ARM.ActiveCfg = Debug|Any CPU
		{EB2E4288-28D4-407F-B019-CAAA763FA810}.Debug|ARM.Build.0 = Debug|Any CPU
		{EB2E4288-28D4-407F-B019-CAAA763FA810}.Debug|x64.ActiveCfg = Debug|Any CPU
		{EB2E4288-28D4-407F-B019-CAAA763FA810}.Debug|x64.Build.0 = Debug|Any CPU
		{EB2E4288-28D4-407F-B019-CAAA763FA810}.Debug|x86.ActiveCfg = Debug|Any CPU
		{EB2E4288-28D4-407F-B019-CAAA763FA810}.Debug|x86.Build.0 = Debug|Any CPU
		{EB2E4288-28D4-407F-B019-CAAA763FA810}.Release|Any CPU.ActiveCfg = Release|Any CPU
		{EB2E4288-28D4-407F-B019-CAAA763FA810}.Release|Any CPU.Build.0 = Release|Any CPU
		{EB2E4288-28D4-407F-B019-CAAA763FA810}.Release|ARM.ActiveCfg = Release|Any CPU
		{EB2E4288-28D4-407F-B019-CAAA763FA810}.Release|ARM.Build.0 = Release|Any CPU
		{EB2E4288-28D4-407F-B019-CAAA763FA810}.Release|x64.ActiveCfg = Release|Any CPU
		{EB2E4288-28D4-407F-B019-CAAA763FA810}.Release|x64.Build.0 = Release|Any CPU
		{EB2E4288-28D4-407F-B019-CAAA763FA810}.Release|x86.ActiveCfg = Release|Any CPU
		{EB2E4288-28D4-407F-B019-CAAA763FA810}.Release|x86.Build.0 = Release|Any CPU
		{36DBDF82-1301-4C06-8BE1-1E4EE5DFAE70}.Debug|Any CPU.ActiveCfg = Debug|x86
		{36DBDF82-1301-4C06-8BE1-1E4EE5DFAE70}.Debug|Any CPU.Build.0 = Debug|x86
		{36DBDF82-1301-4C06-8BE1-1E4EE5DFAE70}.Debug|Any CPU.Deploy.0 = Debug|x86
		{36DBDF82-1301-4C06-8BE1-1E4EE5DFAE70}.Debug|ARM.ActiveCfg = Debug|ARM
		{36DBDF82-1301-4C06-8BE1-1E4EE5DFAE70}.Debug|ARM.Build.0 = Debug|ARM
		{36DBDF82-1301-4C06-8BE1-1E4EE5DFAE70}.Debug|ARM.Deploy.0 = Debug|ARM
		{36DBDF82-1301-4C06-8BE1-1E4EE5DFAE70}.Debug|x64.ActiveCfg = Debug|x64
		{36DBDF82-1301-4C06-8BE1-1E4EE5DFAE70}.Debug|x64.Build.0 = Debug|x64
		{36DBDF82-1301-4C06-8BE1-1E4EE5DFAE70}.Debug|x64.Deploy.0 = Debug|x64
		{36DBDF82-1301-4C06-8BE1-1E4EE5DFAE70}.Debug|x86.ActiveCfg = Debug|x86
		{36DBDF82-1301-4C06-8BE1-1E4EE5DFAE70}.Debug|x86.Build.0 = Debug|x86
		{36DBDF82-1301-4C06-8BE1-1E4EE5DFAE70}.Debug|x86.Deploy.0 = Debug|x86
		{36DBDF82-1301-4C06-8BE1-1E4EE5DFAE70}.Release|Any CPU.ActiveCfg = Release|x86
		{36DBDF82-1301-4C06-8BE1-1E4EE5DFAE70}.Release|ARM.ActiveCfg = Release|ARM
		{36DBDF82-1301-4C06-8BE1-1E4EE5DFAE70}.Release|ARM.Build.0 = Release|ARM
		{36DBDF82-1301-4C06-8BE1-1E4EE5DFAE70}.Release|ARM.Deploy.0 = Release|ARM
		{36DBDF82-1301-4C06-8BE1-1E4EE5DFAE70}.Release|x64.ActiveCfg = Release|x64
		{36DBDF82-1301-4C06-8BE1-1E4EE5DFAE70}.Release|x64.Build.0 = Release|x64
		{36DBDF82-1301-4C06-8BE1-1E4EE5DFAE70}.Release|x64.Deploy.0 = Release|x64
		{36DBDF82-1301-4C06-8BE1-1E4EE5DFAE70}.Release|x86.ActiveCfg = Release|x86
		{36DBDF82-1301-4C06-8BE1-1E4EE5DFAE70}.Release|x86.Build.0 = Release|x86
		{36DBDF82-1301-4C06-8BE1-1E4EE5DFAE70}.Release|x86.Deploy.0 = Release|x86
	EndGlobalSection
	GlobalSection(SolutionProperties) = preSolution
		HideSolutionNode = FALSE
	EndGlobalSection
EndGlobal
